
Microsoft Visual Studio Solution File, Format Version 12.00
# Visual Studio Version 16
VisualStudioVersion = 16.0.30517.126
MinimumVisualStudioVersion = 10.0.40219.1
Project("{FAE04EC0-301F-11D3-BF4B-00C04F79EFBC}") = "TasksAPI", "TasksAPI\TasksAPI.csproj", "{B2F87BA6-7CDA-4792-8CFE-5599CDC6C584}"
EndProject
Project("{FAE04EC0-301F-11D3-BF4B-00C04F79EFBC}") = "TasksDAL", "TasksDAL\TasksDAL.csproj", "{58DD4A68-3A5B-49AF-87FE-7C16787A1C44}"
EndProject
Project("{FAE04EC0-301F-11D3-BF4B-00C04F79EFBC}") = "TasksEntities", "TasksEntities\TasksEntities.csproj", "{393F623A-C018-4EE4-AB85-BD8D4567BA95}"
EndProject
Project("{FAE04EC0-301F-11D3-BF4B-00C04F79EFBC}") = "TasksCORE", "TasksCORE\TasksCORE.csproj", "{A4AD0568-4587-48F0-BE90-09E2E208EFC4}"
EndProject
Global
	GlobalSection(SolutionConfigurationPlatforms) = preSolution
		Debug|Any CPU = Debug|Any CPU
		Release|Any CPU = Release|Any CPU
	EndGlobalSection
	GlobalSection(ProjectConfigurationPlatforms) = postSolution
		{B2F87BA6-7CDA-4792-8CFE-5599CDC6C584}.Debug|Any CPU.ActiveCfg = Debug|Any CPU
		{B2F87BA6-7CDA-4792-8CFE-5599CDC6C584}.Debug|Any CPU.Build.0 = Debug|Any CPU
		{B2F87BA6-7CDA-4792-8CFE-5599CDC6C584}.Release|Any CPU.ActiveCfg = Release|Any CPU
		{B2F87BA6-7CDA-4792-8CFE-5599CDC6C584}.Release|Any CPU.Build.0 = Release|Any CPU
		{58DD4A68-3A5B-49AF-87FE-7C16787A1C44}.Debug|Any CPU.ActiveCfg = Debug|Any CPU
		{58DD4A68-3A5B-49AF-87FE-7C16787A1C44}.Debug|Any CPU.Build.0 = Debug|Any CPU
		{58DD4A68-3A5B-49AF-87FE-7C16787A1C44}.Release|Any CPU.ActiveCfg = Release|Any CPU
		{58DD4A68-3A5B-49AF-87FE-7C16787A1C44}.Release|Any CPU.Build.0 = Release|Any CPU
		{393F623A-C018-4EE4-AB85-BD8D4567BA95}.Debug|Any CPU.ActiveCfg = Debug|Any CPU
		{393F623A-C018-4EE4-AB85-BD8D4567BA95}.Debug|Any CPU.Build.0 = Debug|Any CPU
		{393F623A-C018-4EE4-AB85-BD8D4567BA95}.Release|Any CPU.ActiveCfg = Release|Any CPU
		{393F623A-C018-4EE4-AB85-BD8D4567BA95}.Release|Any CPU.Build.0 = Release|Any CPU
		{A4AD0568-4587-48F0-BE90-09E2E208EFC4}.Debug|Any CPU.ActiveCfg = Debug|Any CPU
		{A4AD0568-4587-48F0-BE90-09E2E208EFC4}.Debug|Any CPU.Build.0 = Debug|Any CPU
		{A4AD0568-4587-48F0-BE90-09E2E208EFC4}.Release|Any CPU.ActiveCfg = Release|Any CPU
		{A4AD0568-4587-48F0-BE90-09E2E208EFC4}.Release|Any CPU.Build.0 = Release|Any CPU
	EndGlobalSection
	GlobalSection(SolutionProperties) = preSolution
		HideSolutionNode = FALSE
	EndGlobalSection
	GlobalSection(ExtensibilityGlobals) = postSolution
		SolutionGuid = {3469A6A7-F7DE-4BB9-AFF5-A4D572631E2D}
	EndGlobalSection
EndGlobal
